
Microsoft Visual Studio Solution File, Format Version 12.00
# Visual Studio Version 17
VisualStudioVersion = 17.8.34322.80
MinimumVisualStudioVersion = 10.0.40219.1
Project("{FAE04EC0-301F-11D3-BF4B-00C04F79EFBC}") = "programme_json", "programme_json\programme_json.csproj", "{8F5B900D-E89C-49DB-BD3F-73623A5F53BC}"
EndProject
Global
	GlobalSection(SolutionConfigurationPlatforms) = preSolution
		Debug|Any CPU = Debug|Any CPU
		Release|Any CPU = Release|Any CPU
	EndGlobalSection
	GlobalSection(ProjectConfigurationPlatforms) = postSolution
		{8F5B900D-E89C-49DB-BD3F-73623A5F53BC}.Debug|Any CPU.ActiveCfg = Debug|Any CPU
		{8F5B900D-E89C-49DB-BD3F-73623A5F53BC}.Debug|Any CPU.Build.0 = Debug|Any CPU
		{8F5B900D-E89C-49DB-BD3F-73623A5F53BC}.Release|Any CPU.ActiveCfg = Release|Any CPU
		{8F5B900D-E89C-49DB-BD3F-73623A5F53BC}.Release|Any CPU.Build.0 = Release|Any CPU
	EndGlobalSection
	GlobalSection(SolutionProperties) = preSolution
		HideSolutionNode = FALSE
	EndGlobalSection
	GlobalSection(ExtensibilityGlobals) = postSolution
		SolutionGuid = {4B4621E8-BEA0-4292-8109-3DE688F0623E}
	EndGlobalSection
EndGlobal
